
Microsoft Visual Studio Solution File, Format Version 12.00
# Visual Studio Version 16
VisualStudioVersion = 16.0.31624.102
MinimumVisualStudioVersion = 10.0.40219.1
Project("{9A19103F-16F7-4668-BE54-9A1E7A4F7556}") = "GroupChatAnalyser", "GroupChatAnalyser\GroupChatAnalyser.csproj", "{08EF5D84-EA8D-4D3F-A62D-45DD74C2B899}"
	ProjectSection(ProjectDependencies) = postProject
		{DED23421-264C-4F79-9BC4-6F2B2EB41E64} = {DED23421-264C-4F79-9BC4-6F2B2EB41E64}
	EndProjectSection
EndProject
Project("{9A19103F-16F7-4668-BE54-9A1E7A4F7556}") = "GroupChatAnalyser_API", "GroupChatAnalyser_API\GroupChatAnalyser_API.csproj", "{DED23421-264C-4F79-9BC4-6F2B2EB41E64}"
EndProject
Global
	GlobalSection(SolutionConfigurationPlatforms) = preSolution
		Debug|Any CPU = Debug|Any CPU
		Release|Any CPU = Release|Any CPU
	EndGlobalSection
	GlobalSection(ProjectConfigurationPlatforms) = postSolution
		{08EF5D84-EA8D-4D3F-A62D-45DD74C2B899}.Debug|Any CPU.ActiveCfg = Debug|Any CPU
		{08EF5D84-EA8D-4D3F-A62D-45DD74C2B899}.Debug|Any CPU.Build.0 = Debug|Any CPU
		{08EF5D84-EA8D-4D3F-A62D-45DD74C2B899}.Release|Any CPU.ActiveCfg = Release|Any CPU
		{08EF5D84-EA8D-4D3F-A62D-45DD74C2B899}.Release|Any CPU.Build.0 = Release|Any CPU
		{DED23421-264C-4F79-9BC4-6F2B2EB41E64}.Debug|Any CPU.ActiveCfg = Debug|Any CPU
		{DED23421-264C-4F79-9BC4-6F2B2EB41E64}.Debug|Any CPU.Build.0 = Debug|Any CPU
		{DED23421-264C-4F79-9BC4-6F2B2EB41E64}.Release|Any CPU.ActiveCfg = Release|Any CPU
		{DED23421-264C-4F79-9BC4-6F2B2EB41E64}.Release|Any CPU.Build.0 = Release|Any CPU
	EndGlobalSection
	GlobalSection(SolutionProperties) = preSolution
		HideSolutionNode = FALSE
	EndGlobalSection
	GlobalSection(ExtensibilityGlobals) = postSolution
		SolutionGuid = {5F8C468B-DD83-4254-B2B9-9BB5D6DA0104}
	EndGlobalSection
EndGlobal
